// !$*UTF8*$!
{
	archiveVersion = 1;
	classes = {
	};
	objectVersion = 77;
	objects = {

/* Begin PBXContainerItemProxy section */
		7C5F313B2ECC1E2A00F13F87 /* PBXContainerItemProxy */ = {
			isa = PBXContainerItemProxy;
			containerPortal = 7C5F31252ECC1E2700F13F87 /* Project object */;
			proxyType = 1;
			remoteGlobalIDString = 7C5F312C2ECC1E2700F13F87;
			remoteInfo = "LemonRestaurant-Ch5";
		};
		7C5F31452ECC1E2A00F13F87 /* PBXContainerItemProxy */ = {
			isa = PBXContainerItemProxy;
			containerPortal = 7C5F31252ECC1E2700F13F87 /* Project object */;
			proxyType = 1;
			remoteGlobalIDString = 7C5F312C2ECC1E2700F13F87;
			remoteInfo = "LemonRestaurant-Ch5";
		};
/* End PBXContainerItemProxy section */

/* Begin PBXFileReference section */
		7C5F312D2ECC1E2700F13F87 /* LemonRestaurant-Ch5.app */ = {isa = PBXFileReference; explicitFileType = wrapper.application; includeInIndex = 0; path = "LemonRestaurant-Ch5.app"; sourceTree = BUILT_PRODUCTS_DIR; };
		7C5F313A2ECC1E2A00F13F87 /* LemonRestaurant-Ch5Tests.xctest */ = {isa = PBXFileReference; explicitFileType = wrapper.cfbundle; includeInIndex = 0; path = "LemonRestaurant-Ch5Tests.xctest"; sourceTree = BUILT_PRODUCTS_DIR; };
		7C5F31442ECC1E2A00F13F87 /* LemonRestaurant-Ch5UITests.xctest */ = {isa = PBXFileReference; explicitFileType = wrapper.cfbundle; includeInIndex = 0; path = "LemonRestaurant-Ch5UITests.xctest"; sourceTree = BUILT_PRODUCTS_DIR; };
/* End PBXFileReference section */

/* Begin PBXFileSystemSynchronizedRootGroup section */
		7C5F312F2ECC1E2700F13F87 /* LemonRestaurant-Ch5 */ = {
			isa = PBXFileSystemSynchronizedRootGroup;
			path = "LemonRestaurant-Ch5";
			sourceTree = "<group>";
		};
		7C5F313D2ECC1E2A00F13F87 /* LemonRestaurant-Ch5Tests */ = {
			isa = PBXFileSystemSynchronizedRootGroup;
			path = "LemonRestaurant-Ch5Tests";
			sourceTree = "<group>";
		};
		7C5F31472ECC1E2A00F13F87 /* LemonRestaurant-Ch5UITests */ = {
			isa = PBXFileSystemSynchronizedRootGroup;
			path = "LemonRestaurant-Ch5UITests";
			sourceTree = "<group>";
		};
/* End PBXFileSystemSynchronizedRootGroup section */

/* Begin PBXFrameworksBuildPhase section */
		7C5F312A2ECC1E2700F13F87 /* Frameworks */ = {
			isa = PBXFrameworksBuildPhase;
			buildActionMask = 2147483647;
			files = (
			);
			runOnlyForDeploymentPostprocessing = 0;
		};
		7C5F31372ECC1E2A00F13F87 /* Frameworks */ = {
			isa = PBXFrameworksBuildPhase;
			buildActionMask = 2147483647;
			files = (
			);
			runOnlyForDeploymentPostprocessing = 0;
		};
		7C5F31412ECC1E2A00F13F87 /* Frameworks */ = {
			isa = PBXFrameworksBuildPhase;
			buildActionMask = 2147483647;
			files = (
			);
			runOnlyForDeploymentPostprocessing = 0;
		};
/* End PBXFrameworksBuildPhase section */

/* Begin PBXGroup section */
		7C5F31242ECC1E2700F13F87 = {
			isa = PBXGroup;
			children = (
				7C5F312F2ECC1E2700F13F87 /* LemonRestaurant-Ch5 */,
				7C5F313D2ECC1E2A00F13F87 /* LemonRestaurant-Ch5Tests */,
				7C5F31472ECC1E2A00F13F87 /* LemonRestaurant-Ch5UITests */,
				7C5F312E2ECC1E2700F13F87 /* Products */,
			);
			sourceTree = "<group>";
		};
		7C5F312E2ECC1E2700F13F87 /* Products */ = {
			isa = PBXGroup;
			children = (
				7C5F312D2ECC1E2700F13F87 /* LemonRestaurant-Ch5.app */,
				7C5F313A2ECC1E2A00F13F87 /* LemonRestaurant-Ch5Tests.xctest */,
				7C5F31442ECC1E2A00F13F87 /* LemonRestaurant-Ch5UITests.xctest */,
			);
			name = Products;
			sourceTree = "<group>";
		};
/* End PBXGroup section */

/* Begin PBXNativeTarget section */
		7C5F312C2ECC1E2700F13F87 /* LemonRestaurant-Ch5 */ = {
			isa = PBXNativeTarget;
			buildConfigurationList = 7C5F314E2ECC1E2A00F13F87 /* Build configuration list for PBXNativeTarget "LemonRestaurant-Ch5" */;
			buildPhases = (
				7C5F31292ECC1E2700F13F87 /* Sources */,
				7C5F312A2ECC1E2700F13F87 /* Frameworks */,
				7C5F312B2ECC1E2700F13F87 /* Resources */,
			);
			buildRules = (
			);
			dependencies = (
			);
			fileSystemSynchronizedGroups = (
				7C5F312F2ECC1E2700F13F87 /* LemonRestaurant-Ch5 */,
			);
			name = "LemonRestaurant-Ch5";
			packageProductDependencies = (
			);
			productName = "LemonRestaurant-Ch5";
			productReference = 7C5F312D2ECC1E2700F13F87 /* LemonRestaurant-Ch5.app */;
			productType = "com.apple.product-type.application";
		};
		7C5F31392ECC1E2A00F13F87 /* LemonRestaurant-Ch5Tests */ = {
			isa = PBXNativeTarget;
			buildConfigurationList = 7C5F31512ECC1E2A00F13F87 /* Build configuration list for PBXNativeTarget "LemonRestaurant-Ch5Tests" */;
			buildPhases = (
				7C5F31362ECC1E2A00F13F87 /* Sources */,
				7C5F31372ECC1E2A00F13F87 /* Frameworks */,
				7C5F31382ECC1E2A00F13F87 /* Resources */,
			);
			buildRules = (
			);
			dependencies = (
				7C5F313C2ECC1E2A00F13F87 /* PBXTargetDependency */,
			);
			fileSystemSynchronizedGroups = (
				7C5F313D2ECC1E2A00F13F87 /* LemonRestaurant-Ch5Tests */,
			);
			name = "LemonRestaurant-Ch5Tests";
			packageProductDependencies = (
			);
			productName = "LemonRestaurant-Ch5Tests";
			productReference = 7C5F313A2ECC1E2A00F13F87 /* LemonRestaurant-Ch5Tests.xctest */;
			productType = "com.apple.product-type.bundle.unit-test";
		};
		7C5F31432ECC1E2A00F13F87 /* LemonRestaurant-Ch5UITests */ = {
			isa = PBXNativeTarget;
			buildConfigurationList = 7C5F31542ECC1E2A00F13F87 /* Build configuration list for PBXNativeTarget "LemonRestaurant-Ch5UITests" */;
			buildPhases = (
				7C5F31402ECC1E2A00F13F87 /* Sources */,
				7C5F31412ECC1E2A00F13F87 /* Frameworks */,
				7C5F31422ECC1E2A00F13F87 /* Resources */,
			);
			buildRules = (
			);
			dependencies = (
				7C5F31462ECC1E2A00F13F87 /* PBXTargetDependency */,
			);
			fileSystemSynchronizedGroups = (
				7C5F31472ECC1E2A00F13F87 /* LemonRestaurant-Ch5UITests */,
			);
			name = "LemonRestaurant-Ch5UITests";
			packageProductDependencies = (
			);
			productName = "LemonRestaurant-Ch5UITests";
			productReference = 7C5F31442ECC1E2A00F13F87 /* LemonRestaurant-Ch5UITests.xctest */;
			productType = "com.apple.product-type.bundle.ui-testing";
		};
/* End PBXNativeTarget section */

/* Begin PBXProject section */
		7C5F31252ECC1E2700F13F87 /* Project object */ = {
			isa = PBXProject;
			attributes = {
				BuildIndependentTargetsInParallel = 1;
				LastSwiftUpdateCheck = 2600;
				LastUpgradeCheck = 2600;
				TargetAttributes = {
					7C5F312C2ECC1E2700F13F87 = {
						CreatedOnToolsVersion = 26.0.1;
					};
					7C5F31392ECC1E2A00F13F87 = {
						CreatedOnToolsVersion = 26.0.1;
						TestTargetID = 7C5F312C2ECC1E2700F13F87;
					};
					7C5F31432ECC1E2A00F13F87 = {
						CreatedOnToolsVersion = 26.0.1;
						TestTargetID = 7C5F312C2ECC1E2700F13F87;
					};
				};
			};
			buildConfigurationList = 7C5F31282ECC1E2700F13F87 /* Build configuration list for PBXProject "LemonRestaurant-Ch5" */;
			developmentRegion = en;
			hasScannedForEncodings = 0;
			knownRegions = (
				en,
				Base,
			);
			mainGroup = 7C5F31242ECC1E2700F13F87;
			minimizedProjectReferenceProxies = 1;
			preferredProjectObjectVersion = 77;
			productRefGroup = 7C5F312E2ECC1E2700F13F87 /* Products */;
			projectDirPath = "";
			projectRoot = "";
			targets = (
				7C5F312C2ECC1E2700F13F87 /* LemonRestaurant-Ch5 */,
				7C5F31392ECC1E2A00F13F87 /* LemonRestaurant-Ch5Tests */,
				7C5F31432ECC1E2A00F13F87 /* LemonRestaurant-Ch5UITests */,
			);
		};
/* End PBXProject section */

/* Begin PBXResourcesBuildPhase section */
		7C5F312B2ECC1E2700F13F87 /* Resources */ = {
			isa = PBXResourcesBuildPhase;
			buildActionMask = 2147483647;
			files = (
			);
			runOnlyForDeploymentPostprocessing = 0;
		};
		7C5F31382ECC1E2A00F13F87 /* Resources */ = {
			isa = PBXResourcesBuildPhase;
			buildActionMask = 2147483647;
			files = (
			);
			runOnlyForDeploymentPostprocessing = 0;
		};
		7C5F31422ECC1E2A00F13F87 /* Resources */ = {
			isa = PBXResourcesBuildPhase;
			buildActionMask = 2147483647;
			files = (
			);
			runOnlyForDeploymentPostprocessing = 0;
		};
/* End PBXResourcesBuildPhase section */

/* Begin PBXSourcesBuildPhase section */
		7C5F31292ECC1E2700F13F87 /* Sources */ = {
			isa = PBXSourcesBuildPhase;
			buildActionMask = 2147483647;
			files = (
			);
			runOnlyForDeploymentPostprocessing = 0;
		};
		7C5F31362ECC1E2A00F13F87 /* Sources */ = {
			isa = PBXSourcesBuildPhase;
			buildActionMask = 2147483647;
			files = (
			);
			runOnlyForDeploymentPostprocessing = 0;
		};
		7C5F31402ECC1E2A00F13F87 /* Sources */ = {
			isa = PBXSourcesBuildPhase;
			buildActionMask = 2147483647;
			files = (
			);
			runOnlyForDeploymentPostprocessing = 0;
		};
/* End PBXSourcesBuildPhase section */

/* Begin PBXTargetDependency section */
		7C5F313C2ECC1E2A00F13F87 /* PBXTargetDependency */ = {
			isa = PBXTargetDependency;
			target = 7C5F312C2ECC1E2700F13F87 /* LemonRestaurant-Ch5 */;
			targetProxy = 7C5F313B2ECC1E2A00F13F87 /* PBXContainerItemProxy */;
		};
		7C5F31462ECC1E2A00F13F87 /* PBXTargetDependency */ = {
			isa = PBXTargetDependency;
			target = 7C5F312C2ECC1E2700F13F87 /* LemonRestaurant-Ch5 */;
			targetProxy = 7C5F31452ECC1E2A00F13F87 /* PBXContainerItemProxy */;
		};
/* End PBXTargetDependency section */

/* Begin XCBuildConfiguration section */
		7C5F314C2ECC1E2A00F13F87 /* Debug */ = {
			isa = XCBuildConfiguration;
			buildSettings = {
				ALWAYS_SEARCH_USER_PATHS = NO;
				ASSETCATALOG_COMPILER_GENERATE_SWIFT_ASSET_SYMBOL_EXTENSIONS = YES;
				CLANG_ANALYZER_NONNULL = YES;
				CLANG_ANALYZER_NUMBER_OBJECT_CONVERSION = YES_AGGRESSIVE;
				CLANG_CXX_LANGUAGE_STANDARD = "gnu++20";
				CLANG_ENABLE_MODULES = YES;
				CLANG_ENABLE_OBJC_ARC = YES;
				CLANG_ENABLE_OBJC_WEAK = YES;
				CLANG_WARN_BLOCK_CAPTURE_AUTORELEASING = YES;
				CLANG_WARN_BOOL_CONVERSION = YES;
				CLANG_WARN_COMMA = YES;
				CLANG_WARN_CONSTANT_CONVERSION = YES;
				CLANG_WARN_DEPRECATED_OBJC_IMPLEMENTATIONS = YES;
				CLANG_WARN_DIRECT_OBJC_ISA_USAGE = YES_ERROR;
				CLANG_WARN_DOCUMENTATION_COMMENTS = YES;
				CLANG_WARN_EMPTY_BODY = YES;
				CLANG_WARN_ENUM_CONVERSION = YES;
				CLANG_WARN_INFINITE_RECURSION = YES;
				CLANG_WARN_INT_CONVERSION = YES;
				CLANG_WARN_NON_LITERAL_NULL_CONVERSION = YES;
				CLANG_WARN_OBJC_IMPLICIT_RETAIN_SELF = YES;
				CLANG_WARN_OBJC_LITERAL_CONVERSION = YES;
				CLANG_WARN_OBJC_ROOT_CLASS = YES_ERROR;
				CLANG_WARN_QUOTED_INCLUDE_IN_FRAMEWORK_HEADER = YES;
				CLANG_WARN_RANGE_LOOP_ANALYSIS = YES;
				CLANG_WARN_STRICT_PROTOTYPES = YES;
				CLANG_WARN_SUSPICIOUS_MOVE = YES;
				CLANG_WARN_UNGUARDED_AVAILABILITY = YES_AGGRESSIVE;
				CLANG_WARN_UNREACHABLE_CODE = YES;
				CLANG_WARN__DUPLICATE_METHOD_MATCH = YES;
				COPY_PHASE_STRIP = NO;
				DEBUG_INFORMATION_FORMAT = dwarf;
				DEVELOPMENT_TEAM = Y7J7B74M4A;
				ENABLE_STRICT_OBJC_MSGSEND = YES;
				ENABLE_TESTABILITY = YES;
				ENABLE_USER_SCRIPT_SANDBOXING = YES;
				GCC_C_LANGUAGE_STANDARD = gnu17;
				GCC_DYNAMIC_NO_PIC = NO;
				GCC_NO_COMMON_BLOCKS = YES;
				GCC_OPTIMIZATION_LEVEL = 0;
				GCC_PREPROCESSOR_DEFINITIONS = (
					"DEBUG=1",
					"$(inherited)",
				);
				GCC_WARN_64_TO_32_BIT_CONVERSION = YES;
				GCC_WARN_ABOUT_RETURN_TYPE = YES_ERROR;
				GCC_WARN_UNDECLARED_SELECTOR = YES;
				GCC_WARN_UNINITIALIZED_AUTOS = YES_AGGRESSIVE;
				GCC_WARN_UNUSED_FUNCTION = YES;
				GCC_WARN_UNUSED_VARIABLE = YES;
				IPHONEOS_DEPLOYMENT_TARGET = 26.0;
				LOCALIZATION_PREFERS_STRING_CATALOGS = YES;
				MTL_ENABLE_DEBUG_INFO = INCLUDE_SOURCE;
				MTL_FAST_MATH = YES;
				ONLY_ACTIVE_ARCH = YES;
				SDKROOT = iphoneos;
				SWIFT_ACTIVE_COMPILATION_CONDITIONS = "DEBUG $(inherited)";
				SWIFT_OPTIMIZATION_LEVEL = "-Onone";
			};
			name = Debug;
		};
		7C5F314D2ECC1E2A00F13F87 /* Release */ = {
			isa = XCBuildConfiguration;
			buildSettings = {
				ALWAYS_SEARCH_USER_PATHS = NO;
				ASSETCATALOG_COMPILER_GENERATE_SWIFT_ASSET_SYMBOL_EXTENSIONS = YES;
				CLANG_ANALYZER_NONNULL = YES;
				CLANG_ANALYZER_NUMBER_OBJECT_CONVERSION = YES_AGGRESSIVE;
				CLANG_CXX_LANGUAGE_STANDARD = "gnu++20";
				CLANG_ENABLE_MODULES = YES;
				CLANG_ENABLE_OBJC_ARC = YES;
				CLANG_ENABLE_OBJC_WEAK = YES;
				CLANG_WARN_BLOCK_CAPTURE_AUTORELEASING = YES;
				CLANG_WARN_BOOL_CONVERSION = YES;
				CLANG_WARN_COMMA = YES;
				CLANG_WARN_CONSTANT_CONVERSION = YES;
				CLANG_WARN_DEPRECATED_OBJC_IMPLEMENTATIONS = YES;
				CLANG_WARN_DIRECT_OBJC_ISA_USAGE = YES_ERROR;
				CLANG_WARN_DOCUMENTATION_COMMENTS = YES;
				CLANG_WARN_EMPTY_BODY = YES;
				CLANG_WARN_ENUM_CONVERSION = YES;
				CLANG_WARN_INFINITE_RECURSION = YES;
				CLANG_WARN_INT_CONVERSION = YES;
				CLANG_WARN_NON_LITERAL_NULL_CONVERSION = YES;
				CLANG_WARN_OBJC_IMPLICIT_RETAIN_SELF = YES;
				CLANG_WARN_OBJC_LITERAL_CONVERSION = YES;
				CLANG_WARN_OBJC_ROOT_CLASS = YES_ERROR;
				CLANG_WARN_QUOTED_INCLUDE_IN_FRAMEWORK_HEADER = YES;
				CLANG_WARN_RANGE_LOOP_ANALYSIS = YES;
				CLANG_WARN_STRICT_PROTOTYPES = YES;
				CLANG_WARN_SUSPICIOUS_MOVE = YES;
				CLANG_WARN_UNGUARDED_AVAILABILITY = YES_AGGRESSIVE;
				CLANG_WARN_UNREACHABLE_CODE = YES;
				CLANG_WARN__DUPLICATE_METHOD_MATCH = YES;
				COPY_PHASE_STRIP = NO;
				DEBUG_INFORMATION_FORMAT = "dwarf-with-dsym";
				DEVELOPMENT_TEAM = Y7J7B74M4A;
				ENABLE_NS_ASSERTIONS = NO;
				ENABLE_STRICT_OBJC_MSGSEND = YES;
				ENABLE_USER_SCRIPT_SANDBOXING = YES;
				GCC_C_LANGUAGE_STANDARD = gnu17;
				GCC_NO_COMMON_BLOCKS = YES;
				GCC_WARN_64_TO_32_BIT_CONVERSION = YES;
				GCC_WARN_ABOUT_RETURN_TYPE = YES_ERROR;
				GCC_WARN_UNDECLARED_SELECTOR = YES;
				GCC_WARN_UNINITIALIZED_AUTOS = YES_AGGRESSIVE;
				GCC_WARN_UNUSED_FUNCTION = YES;
				GCC_WARN_UNUSED_VARIABLE = YES;
				IPHONEOS_DEPLOYMENT_TARGET = 26.0;
				LOCALIZATION_PREFERS_STRING_CATALOGS = YES;
				MTL_ENABLE_DEBUG_INFO = NO;
				MTL_FAST_MATH = YES;
				SDKROOT = iphoneos;
				SWIFT_COMPILATION_MODE = wholemodule;
				VALIDATE_PRODUCT = YES;
			};
			name = Release;
		};
		7C5F314F2ECC1E2A00F13F87 /* Debug */ = {
			isa = XCBuildConfiguration;
			buildSettings = {
				ASSETCATALOG_COMPILER_APPICON_NAME = AppIcon;
				ASSETCATALOG_COMPILER_GLOBAL_ACCENT_COLOR_NAME = AccentColor;
				CODE_SIGN_STYLE = Automatic;
				CURRENT_PROJECT_VERSION = 1;
				DEVELOPMENT_TEAM = Y7J7B74M4A;
				ENABLE_PREVIEWS = YES;
				GENERATE_INFOPLIST_FILE = YES;
				INFOPLIST_KEY_UIApplicationSceneManifest_Generation = YES;
				INFOPLIST_KEY_UIApplicationSupportsIndirectInputEvents = YES;
				INFOPLIST_KEY_UILaunchScreen_Generation = YES;
				INFOPLIST_KEY_UISupportedInterfaceOrientations_iPad = "UIInterfaceOrientationPortrait UIInterfaceOrientationPortraitUpsideDown UIInterfaceOrientationLandscapeLeft UIInterfaceOrientationLandscapeRight";
				INFOPLIST_KEY_UISupportedInterfaceOrientations_iPhone = "UIInterfaceOrientationPortrait UIInterfaceOrientationLandscapeLeft UIInterfaceOrientationLandscapeRight";
				LD_RUNPATH_SEARCH_PATHS = (
					"$(inherited)",
					"@executable_path/Frameworks",
				);
				MARKETING_VERSION = 1.0;
				PRODUCT_BUNDLE_IDENTIFIER = "com.leomiranda.LemonRestaurant-Ch5";
				PRODUCT_NAME = "$(TARGET_NAME)";
				STRING_CATALOG_GENERATE_SYMBOLS = YES;
				SWIFT_APPROACHABLE_CONCURRENCY = YES;
				SWIFT_DEFAULT_ACTOR_ISOLATION = MainActor;
				SWIFT_EMIT_LOC_STRINGS = YES;
				SWIFT_UPCOMING_FEATURE_MEMBER_IMPORT_VISIBILITY = YES;
				SWIFT_VERSION = 5.0;
				TARGETED_DEVICE_FAMILY = "1,2";
			};
			name = Debug;
		};
		7C5F31502ECC1E2A00F13F87 /* Release */ = {
			isa = XCBuildConfiguration;
			buildSettings = {
				ASSETCATALOG_COMPILER_APPICON_NAME = AppIcon;
				ASSETCATALOG_COMPILER_GLOBAL_ACCENT_COLOR_NAME = AccentColor;
				CODE_SIGN_STYLE = Automatic;
				CURRENT_PROJECT_VERSION = 1;
				DEVELOPMENT_TEAM = Y7J7B74M4A;
				ENABLE_PREVIEWS = YES;
				GENERATE_INFOPLIST_FILE = YES;
				INFOPLIST_KEY_UIApplicationSceneManifest_Generation = YES;
				INFOPLIST_KEY_UIApplicationSupportsIndirectInputEvents = YES;
				INFOPLIST_KEY_UILaunchScreen_Generation = YES;
				INFOPLIST_KEY_UISupportedInterfaceOrientations_iPad = "UIInterfaceOrientationPortrait UIInterfaceOrientationPortraitUpsideDown UIInterfaceOrientationLandscapeLeft UIInterfaceOrientationLandscapeRight";
				INFOPLIST_KEY_UISupportedInterfaceOrientations_iPhone = "UIInterfaceOrientationPortrait UIInterfaceOrientationLandscapeLeft UIInterfaceOrientationLandscapeRight";
				LD_RUNPATH_SEARCH_PATHS = (
					"$(inherited)",
					"@executable_path/Frameworks",
				);
				MARKETING_VERSION = 1.0;
				PRODUCT_BUNDLE_IDENTIFIER = "com.leomiranda.LemonRestaurant-Ch5";
				PRODUCT_NAME = "$(TARGET_NAME)";
				STRING_CATALOG_GENERATE_SYMBOLS = YES;
				SWIFT_APPROACHABLE_CONCURRENCY = YES;
				SWIFT_DEFAULT_ACTOR_ISOLATION = MainActor;
				SWIFT_EMIT_LOC_STRINGS = YES;
				SWIFT_UPCOMING_FEATURE_MEMBER_IMPORT_VISIBILITY = YES;
				SWIFT_VERSION = 5.0;
				TARGETED_DEVICE_FAMILY = "1,2";
			};
			name = Release;
		};
		7C5F31522ECC1E2A00F13F87 /* Debug */ = {
			isa = XCBuildConfiguration;
			buildSettings = {
				BUNDLE_LOADER = "$(TEST_HOST)";
				CODE_SIGN_STYLE = Automatic;
				CURRENT_PROJECT_VERSION = 1;
				DEVELOPMENT_TEAM = Y7J7B74M4A;
				GENERATE_INFOPLIST_FILE = YES;
				IPHONEOS_DEPLOYMENT_TARGET = 26.0;
				MARKETING_VERSION = 1.0;
				PRODUCT_BUNDLE_IDENTIFIER = "com.leomiranda.LemonRestaurant-Ch5Tests";
				PRODUCT_NAME = "$(TARGET_NAME)";
				STRING_CATALOG_GENERATE_SYMBOLS = NO;
				SWIFT_APPROACHABLE_CONCURRENCY = YES;
				SWIFT_EMIT_LOC_STRINGS = NO;
				SWIFT_UPCOMING_FEATURE_MEMBER_IMPORT_VISIBILITY = YES;
				SWIFT_VERSION = 5.0;
				TARGETED_DEVICE_FAMILY = "1,2";
				TEST_HOST = "$(BUILT_PRODUCTS_DIR)/LemonRestaurant-Ch5.app/$(BUNDLE_EXECUTABLE_FOLDER_PATH)/LemonRestaurant-Ch5";
			};
			name = Debug;
		};
		7C5F31532ECC1E2A00F13F87 /* Release */ = {
			isa = XCBuildConfiguration;
			buildSettings = {
				BUNDLE_LOADER = "$(TEST_HOST)";
				CODE_SIGN_STYLE = Automatic;
				CURRENT_PROJECT_VERSION = 1;
				DEVELOPMENT_TEAM = Y7J7B74M4A;
				GENERATE_INFOPLIST_FILE = YES;
				IPHONEOS_DEPLOYMENT_TARGET = 26.0;
				MARKETING_VERSION = 1.0;
				PRODUCT_BUNDLE_IDENTIFIER = "com.leomiranda.LemonRestaurant-Ch5Tests";
				PRODUCT_NAME = "$(TARGET_NAME)";
				STRING_CATALOG_GENERATE_SYMBOLS = NO;
				SWIFT_APPROACHABLE_CONCURRENCY = YES;
				SWIFT_EMIT_LOC_STRINGS = NO;
				SWIFT_UPCOMING_FEATURE_MEMBER_IMPORT_VISIBILITY = YES;
				SWIFT_VERSION = 5.0;
				TARGETED_DEVICE_FAMILY = "1,2";
				TEST_HOST = "$(BUILT_PRODUCTS_DIR)/LemonRestaurant-Ch5.app/$(BUNDLE_EXECUTABLE_FOLDER_PATH)/LemonRestaurant-Ch5";
			};
			name = Release;
		};
		7C5F31552ECC1E2A00F13F87 /* Debug */ = {
			isa = XCBuildConfiguration;
			buildSettings = {
				CODE_SIGN_STYLE = Automatic;
				CURRENT_PROJECT_VERSION = 1;
				DEVELOPMENT_TEAM = Y7J7B74M4A;
				GENERATE_INFOPLIST_FILE = YES;
				MARKETING_VERSION = 1.0;
				PRODUCT_BUNDLE_IDENTIFIER = "com.leomiranda.LemonRestaurant-Ch5UITests";
				PRODUCT_NAME = "$(TARGET_NAME)";
				STRING_CATALOG_GENERATE_SYMBOLS = NO;
				SWIFT_APPROACHABLE_CONCURRENCY = YES;
				SWIFT_EMIT_LOC_STRINGS = NO;
				SWIFT_UPCOMING_FEATURE_MEMBER_IMPORT_VISIBILITY = YES;
				SWIFT_VERSION = 5.0;
				TARGETED_DEVICE_FAMILY = "1,2";
				TEST_TARGET_NAME = "LemonRestaurant-Ch5";
			};
			name = Debug;
		};
		7C5F31562ECC1E2A00F13F87 /* Release */ = {
			isa = XCBuildConfiguration;
			buildSettings = {
				CODE_SIGN_STYLE = Automatic;
				CURRENT_PROJECT_VERSION = 1;
				DEVELOPMENT_TEAM = Y7J7B74M4A;
				GENERATE_INFOPLIST_FILE = YES;
				MARKETING_VERSION = 1.0;
				PRODUCT_BUNDLE_IDENTIFIER = "com.leomiranda.LemonRestaurant-Ch5UITests";
				PRODUCT_NAME = "$(TARGET_NAME)";
				STRING_CATALOG_GENERATE_SYMBOLS = NO;
				SWIFT_APPROACHABLE_CONCURRENCY = YES;
				SWIFT_EMIT_LOC_STRINGS = NO;
				SWIFT_UPCOMING_FEATURE_MEMBER_IMPORT_VISIBILITY = YES;
				SWIFT_VERSION = 5.0;
				TARGETED_DEVICE_FAMILY = "1,2";
				TEST_TARGET_NAME = "LemonRestaurant-Ch5";
			};
			name = Release;
		};
/* End XCBuildConfiguration section */

/* Begin XCConfigurationList section */
		7C5F31282ECC1E2700F13F87 /* Build configuration list for PBXProject "LemonRestaurant-Ch5" */ = {
			isa = XCConfigurationList;
			buildConfigurations = (
				7C5F314C2ECC1E2A00F13F87 /* Debug */,
				7C5F314D2ECC1E2A00F13F87 /* Release */,
			);
			defaultConfigurationIsVisible = 0;
			defaultConfigurationName = Release;
		};
		7C5F314E2ECC1E2A00F13F87 /* Build configuration list for PBXNativeTarget "LemonRestaurant-Ch5" */ = {
			isa = XCConfigurationList;
			buildConfigurations = (
				7C5F314F2ECC1E2A00F13F87 /* Debug */,
				7C5F31502ECC1E2A00F13F87 /* Release */,
			);
			defaultConfigurationIsVisible = 0;
			defaultConfigurationName = Release;
		};
		7C5F31512ECC1E2A00F13F87 /* Build configuration list for PBXNativeTarget "LemonRestaurant-Ch5Tests" */ = {
			isa = XCConfigurationList;
			buildConfigurations = (
				7C5F31522ECC1E2A00F13F87 /* Debug */,
				7C5F31532ECC1E2A00F13F87 /* Release */,
			);
			defaultConfigurationIsVisible = 0;
			defaultConfigurationName = Release;
		};
		7C5F31542ECC1E2A00F13F87 /* Build configuration list for PBXNativeTarget "LemonRestaurant-Ch5UITests" */ = {
			isa = XCConfigurationList;
			buildConfigurations = (
				7C5F31552ECC1E2A00F13F87 /* Debug */,
				7C5F31562ECC1E2A00F13F87 /* Release */,
			);
			defaultConfigurationIsVisible = 0;
			defaultConfigurationName = Release;
		};
/* End XCConfigurationList section */
	};
	rootObject = 7C5F31252ECC1E2700F13F87 /* Project object */;
}
